
Microsoft Visual Studio Solution File, Format Version 12.00
# Visual Studio Version 16
VisualStudioVersion = 16.0.29728.190
MinimumVisualStudioVersion = 10.0.40219.1
Project("{FAE04EC0-301F-11D3-BF4B-00C04F79EFBC}") = "FrontendBackend", "FrontendBackend\FrontendBackend.csproj", "{1CB0ED6C-AE05-44BC-9EC3-FAFC8B513493}"
EndProject
Global
	GlobalSection(SolutionConfigurationPlatforms) = preSolution
		Debug|Any CPU = Debug|Any CPU
		Release|Any CPU = Release|Any CPU
	EndGlobalSection
	GlobalSection(ProjectConfigurationPlatforms) = postSolution
		{1CB0ED6C-AE05-44BC-9EC3-FAFC8B513493}.Debug|Any CPU.ActiveCfg = Debug|Any CPU
		{1CB0ED6C-AE05-44BC-9EC3-FAFC8B513493}.Debug|Any CPU.Build.0 = Debug|Any CPU
		{1CB0ED6C-AE05-44BC-9EC3-FAFC8B513493}.Release|Any CPU.ActiveCfg = Release|Any CPU
		{1CB0ED6C-AE05-44BC-9EC3-FAFC8B513493}.Release|Any CPU.Build.0 = Release|Any CPU
	EndGlobalSection
	GlobalSection(SolutionProperties) = preSolution
		HideSolutionNode = FALSE
	EndGlobalSection
	GlobalSection(ExtensibilityGlobals) = postSolution
		SolutionGuid = {B2BDCC1A-B3B0-4CD4-80BE-70CE30BC2615}
	EndGlobalSection
EndGlobal
